
Microsoft Visual Studio Solution File, Format Version 12.00
# Visual Studio Version 17
VisualStudioVersion = 17.10.35122.118
MinimumVisualStudioVersion = 10.0.40219.1
Project("{F184B08F-C81C-45F6-A57F-5ABD9991F28F}") = "Precios", "Precios\Precios.vbproj", "{B2BA4AFE-F5AB-4EE0-B34B-543488D5DC2C}"
EndProject
Global
	GlobalSection(SolutionConfigurationPlatforms) = preSolution
		Debug|Any CPU = Debug|Any CPU
		Release|Any CPU = Release|Any CPU
	EndGlobalSection
	GlobalSection(ProjectConfigurationPlatforms) = postSolution
		{B2BA4AFE-F5AB-4EE0-B34B-543488D5DC2C}.Debug|Any CPU.ActiveCfg = Debug|Any CPU
		{B2BA4AFE-F5AB-4EE0-B34B-543488D5DC2C}.Debug|Any CPU.Build.0 = Debug|Any CPU
		{B2BA4AFE-F5AB-4EE0-B34B-543488D5DC2C}.Release|Any CPU.ActiveCfg = Release|Any CPU
		{B2BA4AFE-F5AB-4EE0-B34B-543488D5DC2C}.Release|Any CPU.Build.0 = Release|Any CPU
	EndGlobalSection
	GlobalSection(SolutionProperties) = preSolution
		HideSolutionNode = FALSE
	EndGlobalSection
	GlobalSection(ExtensibilityGlobals) = postSolution
		SolutionGuid = {A5E323B9-052F-4A1F-9684-494C31949F57}
	EndGlobalSection
EndGlobal
